
Microsoft Visual Studio Solution File, Format Version 12.00
# Visual Studio Version 17
VisualStudioVersion = 17.8.34330.188
MinimumVisualStudioVersion = 10.0.40219.1
Project("{FAE04EC0-301F-11D3-BF4B-00C04F79EFBC}") = "Assignment17", "Assignment17\Assignment17.csproj", "{9C3D6904-7A43-4BD9-9337-1D9B8DB0BD05}"
EndProject
Project("{FAE04EC0-301F-11D3-BF4B-00C04F79EFBC}") = "ITI", "ITI\ITI.csproj", "{9B885EED-BDFF-4F25-B2BE-CC4F2056832C}"
EndProject
Global
	GlobalSection(SolutionConfigurationPlatforms) = preSolution
		Debug|Any CPU = Debug|Any CPU
		Release|Any CPU = Release|Any CPU
	EndGlobalSection
	GlobalSection(ProjectConfigurationPlatforms) = postSolution
		{9C3D6904-7A43-4BD9-9337-1D9B8DB0BD05}.Debug|Any CPU.ActiveCfg = Debug|Any CPU
		{9C3D6904-7A43-4BD9-9337-1D9B8DB0BD05}.Debug|Any CPU.Build.0 = Debug|Any CPU
		{9C3D6904-7A43-4BD9-9337-1D9B8DB0BD05}.Release|Any CPU.ActiveCfg = Release|Any CPU
		{9C3D6904-7A43-4BD9-9337-1D9B8DB0BD05}.Release|Any CPU.Build.0 = Release|Any CPU
		{9B885EED-BDFF-4F25-B2BE-CC4F2056832C}.Debug|Any CPU.ActiveCfg = Debug|Any CPU
		{9B885EED-BDFF-4F25-B2BE-CC4F2056832C}.Debug|Any CPU.Build.0 = Debug|Any CPU
		{9B885EED-BDFF-4F25-B2BE-CC4F2056832C}.Release|Any CPU.ActiveCfg = Release|Any CPU
		{9B885EED-BDFF-4F25-B2BE-CC4F2056832C}.Release|Any CPU.Build.0 = Release|Any CPU
	EndGlobalSection
	GlobalSection(SolutionProperties) = preSolution
		HideSolutionNode = FALSE
	EndGlobalSection
	GlobalSection(ExtensibilityGlobals) = postSolution
		SolutionGuid = {5AE4214D-FB33-4BF6-882C-67D9FB1829AC}
	EndGlobalSection
EndGlobal
